# Generated by scripts/check_suite_lock.sh --generate. Do not edit.
format|2
note|asupersync|plan-audited-rev|8eb48575889c81b65f7556db4b26d47a8bc03197|selected-rev|362dc5b174427f66cfa76ab2bdd68cce1a95c6cc|reason|S4c scheduler lifecycle finalizer cancellation and quiescence repairs; Cx::scoped_cpu exists at both revisions
dependency|asupersync|asupersync|git|https://github.com/Dicklesworthstone/asupersync.git|362dc5b174427f66cfa76ab2bdd68cce1a95c6cc|optional|asupersync-runtime|tls-webpki-roots
dependency|ft-core|ft-core|git|https://github.com/Dicklesworthstone/frankentorch.git|523aaf827faf538aa541126ee222fcd7af348410|optional|frankentorch-leaves|none
dependency|ft-kernel-cpu|ft-kernel-cpu|git|https://github.com/Dicklesworthstone/frankentorch.git|523aaf827faf538aa541126ee222fcd7af348410|optional|frankentorch-leaves|none
dependency|ft-serialize|ft-serialize|git|https://github.com/Dicklesworthstone/frankentorch.git|523aaf827faf538aa541126ee222fcd7af348410|optional|frankentorch-leaves|none
dependency|fsqlite|fsqlite|git|https://github.com/Dicklesworthstone/frankensqlite.git|5676cb97486a62c4f0a19c053184e0ff3cfb2852|optional|metadata-store|none
dependency|fsqlite-types|fsqlite-types|git|https://github.com/Dicklesworthstone/frankensqlite.git|5676cb97486a62c4f0a19c053184e0ff3cfb2852|optional|metadata-store|none
