# Generated by scripts/check_suite_lock.sh --generate. Do not edit.
format|1
patch|frankentorch|git|https://github.com/Dicklesworthstone/frankentorch.git|523aaf827faf538aa541126ee222fcd7af348410|patch.crates-io|block|git|https://github.com/Dicklesworthstone/rust-block|b39ae859d1ee8e8cb5eef6a516471f1578d26b96|frankentorch-leaves
